# THIS IS AN AUTOGENERATED FILE. DO NOT EDIT THIS FILE DIRECTLY.
# yarn lockfile v1


ace-code-editor@^1.2.3:
  version "1.2.3"
  resolved "https://registry.yarnpkg.com/ace-code-editor/-/ace-code-editor-1.2.3.tgz#a65a533879d6e0f9fdb5e712d2ee46b2079a51de"
  integrity sha512-KLuqtC2Y+3h2J1RlI2S89EWN8aRDrJlY7d1FzvjDxlog8X3HS79zKml11KcuJAdKQ0U8qiZe+oH8Y/UbGAe2Eg==
  dependencies:
    mime "1.2.x"

mime@1.2.x:
  version "1.2.11"
  resolved "https://registry.yarnpkg.com/mime/-/mime-1.2.11.tgz#58203eed86e3a5ef17aed2b7d9ebd47f0a60dd10"
  integrity sha512-Ysa2F/nqTNGHhhm9MV8ure4+Hc+Y8AWiqUdHxsO7xu8zc92ND9f3kpALHjaP026Ft17UfxrMt95c50PLUeynBw==
